
Microsoft Visual Studio Solution File, Format Version 12.00
# Visual Studio Version 16
VisualStudioVersion = 25.0.1706.12
MinimumVisualStudioVersion = 10.0.40219.1
Project("{FAE04EC0-301F-11D3-BF4B-00C04F79EFBC}") = "OOP", "OOP\OOP.csproj", "{701935F1-70BB-4566-8CE9-69C26142863D}"
EndProject
Global
	GlobalSection(SolutionConfigurationPlatforms) = preSolution
		Debug|Any CPU = Debug|Any CPU
		Release|Any CPU = Release|Any CPU
	EndGlobalSection
	GlobalSection(ProjectConfigurationPlatforms) = postSolution
		{701935F1-70BB-4566-8CE9-69C26142863D}.Debug|Any CPU.ActiveCfg = Debug|Any CPU
		{701935F1-70BB-4566-8CE9-69C26142863D}.Debug|Any CPU.Build.0 = Debug|Any CPU
		{701935F1-70BB-4566-8CE9-69C26142863D}.Release|Any CPU.ActiveCfg = Release|Any CPU
		{701935F1-70BB-4566-8CE9-69C26142863D}.Release|Any CPU.Build.0 = Release|Any CPU
	EndGlobalSection
	GlobalSection(SolutionProperties) = preSolution
		HideSolutionNode = FALSE
	EndGlobalSection
	GlobalSection(ExtensibilityGlobals) = postSolution
		SolutionGuid = {657A8D19-48D5-4E53-B0EA-97EF3D140EC3}
	EndGlobalSection
EndGlobal
